
Microsoft Visual Studio Solution File, Format Version 11.00
# Visual Studio 2010
Project("{FAE04EC0-301F-11D3-BF4B-00C04F79EFBC}") = "TernarySearchTree", "TernarySearchTree\TernarySearchTree.csproj", "{B9C9B5B5-9CB9-4BD3-825B-B36E0987E83E}"
EndProject
Project("{FAE04EC0-301F-11D3-BF4B-00C04F79EFBC}") = "TernarySearchTreeTests", ".\TernarySearchTreeTests\TernarySearchTreeTests.csproj", "{EF061377-1205-4EEF-A742-FFDFF0D87BA1}"
EndProject
Global
	GlobalSection(SolutionConfigurationPlatforms) = preSolution
		Debug|Any CPU = Debug|Any CPU
		Release|Any CPU = Release|Any CPU
	EndGlobalSection
	GlobalSection(ProjectConfigurationPlatforms) = postSolution
		{B9C9B5B5-9CB9-4BD3-825B-B36E0987E83E}.Debug|Any CPU.ActiveCfg = Debug|Any CPU
		{B9C9B5B5-9CB9-4BD3-825B-B36E0987E83E}.Debug|Any CPU.Build.0 = Debug|Any CPU
		{B9C9B5B5-9CB9-4BD3-825B-B36E0987E83E}.Release|Any CPU.ActiveCfg = Release|Any CPU
		{B9C9B5B5-9CB9-4BD3-825B-B36E0987E83E}.Release|Any CPU.Build.0 = Release|Any CPU
		{EF061377-1205-4EEF-A742-FFDFF0D87BA1}.Debug|Any CPU.ActiveCfg = Debug|Any CPU
		{EF061377-1205-4EEF-A742-FFDFF0D87BA1}.Debug|Any CPU.Build.0 = Debug|Any CPU
		{EF061377-1205-4EEF-A742-FFDFF0D87BA1}.Release|Any CPU.ActiveCfg = Release|Any CPU
		{EF061377-1205-4EEF-A742-FFDFF0D87BA1}.Release|Any CPU.Build.0 = Release|Any CPU
	EndGlobalSection
	GlobalSection(SolutionProperties) = preSolution
		HideSolutionNode = FALSE
	EndGlobalSection
EndGlobal
